
Microsoft Visual Studio Solution File, Format Version 12.00
# Visual Studio Version 16
VisualStudioVersion = 16.0.29613.14
MinimumVisualStudioVersion = 10.0.40219.1
Project("{FAE04EC0-301F-11D3-BF4B-00C04F79EFBC}") = "Ef31SqlServerSpatialBug", "Ef31SqlServerSpatialBug.csproj", "{17E3340C-F00F-4D0A-9749-275418ADAC31}"
EndProject
Global
	GlobalSection(SolutionConfigurationPlatforms) = preSolution
		Debug|Any CPU = Debug|Any CPU
		Release|Any CPU = Release|Any CPU
	EndGlobalSection
	GlobalSection(ProjectConfigurationPlatforms) = postSolution
		{17E3340C-F00F-4D0A-9749-275418ADAC31}.Debug|Any CPU.ActiveCfg = Debug|Any CPU
		{17E3340C-F00F-4D0A-9749-275418ADAC31}.Debug|Any CPU.Build.0 = Debug|Any CPU
		{17E3340C-F00F-4D0A-9749-275418ADAC31}.Release|Any CPU.ActiveCfg = Release|Any CPU
		{17E3340C-F00F-4D0A-9749-275418ADAC31}.Release|Any CPU.Build.0 = Release|Any CPU
	EndGlobalSection
	GlobalSection(SolutionProperties) = preSolution
		HideSolutionNode = FALSE
	EndGlobalSection
	GlobalSection(ExtensibilityGlobals) = postSolution
		SolutionGuid = {A66F3AC1-50E5-4E24-B6B9-CFA1B55B79A2}
	EndGlobalSection
EndGlobal
